// !$*UTF8*$!
{
	archiveVersion = 1;
	classes = {
	};
	objectVersion = 48;
	objects = {

/* Begin PBXBuildFile section */
		3C6EF2D71FECC0F000793351 /* MemoryManager.cpp in Sources */ = {isa = PBXBuildFile; fileRef = 3C6EF2D61FECC0F000793351 /* MemoryManager.cpp */; };
		3C750CF61FEB720900CECD67 /* main.cpp in Sources */ = {isa = PBXBuildFile; fileRef = 3C750CF51FEB720900CECD67 /* main.cpp */; };
		3C750D001FEB723E00CECD67 /* Block.cpp in Sources */ = {isa = PBXBuildFile; fileRef = 3C750CFF1FEB723E00CECD67 /* Block.cpp */; };
		3C750D051FEBB55900CECD67 /* sunGlobal.cpp in Sources */ = {isa = PBXBuildFile; fileRef = 3C750D041FEBB55900CECD67 /* sunGlobal.cpp */; };
		3C851CAA1FEE2B2500CD21AF /* BPlusTree.cpp in Sources */ = {isa = PBXBuildFile; fileRef = 3C851CA91FEE2B2500CD21AF /* BPlusTree.cpp */; };
/* End PBXBuildFile section */

/* Begin PBXCopyFilesBuildPhase section */
		3C750CF01FEB720800CECD67 /* CopyFiles */ = {
			isa = PBXCopyFilesBuildPhase;
			buildActionMask = 2147483647;
			dstPath = /usr/share/man/man1/;
			dstSubfolderSpec = 0;
			files = (
			);
			runOnlyForDeploymentPostprocessing = 1;
		};
/* End PBXCopyFilesBuildPhase section */

/* Begin PBXFileReference section */
		3C6EF2D51FECC0F000793351 /* MemoryManager.h */ = {isa = PBXFileReference; lastKnownFileType = sourcecode.c.h; path = MemoryManager.h; sourceTree = "<group>"; };
		3C6EF2D61FECC0F000793351 /* MemoryManager.cpp */ = {isa = PBXFileReference; lastKnownFileType = sourcecode.cpp.cpp; path = MemoryManager.cpp; sourceTree = "<group>"; };
		3C750CF21FEB720800CECD67 /* sunSQL */ = {isa = PBXFileReference; explicitFileType = "compiled.mach-o.executable"; includeInIndex = 0; path = sunSQL; sourceTree = BUILT_PRODUCTS_DIR; };
		3C750CF51FEB720900CECD67 /* main.cpp */ = {isa = PBXFileReference; lastKnownFileType = sourcecode.cpp.cpp; path = main.cpp; sourceTree = "<group>"; };
		3C750CFD1FEB722400CECD67 /* sunGlobal.h */ = {isa = PBXFileReference; lastKnownFileType = sourcecode.c.h; path = sunGlobal.h; sourceTree = "<group>"; };
		3C750CFE1FEB723E00CECD67 /* Block.h */ = {isa = PBXFileReference; lastKnownFileType = sourcecode.c.h; path = Block.h; sourceTree = "<group>"; };
		3C750CFF1FEB723E00CECD67 /* Block.cpp */ = {isa = PBXFileReference; lastKnownFileType = sourcecode.cpp.cpp; path = Block.cpp; sourceTree = "<group>"; };
		3C750D041FEBB55900CECD67 /* sunGlobal.cpp */ = {isa = PBXFileReference; lastKnownFileType = sourcecode.cpp.cpp; path = sunGlobal.cpp; sourceTree = "<group>"; };
		3C851CA81FEE2B2500CD21AF /* BPlusTree.h */ = {isa = PBXFileReference; lastKnownFileType = sourcecode.c.h; path = BPlusTree.h; sourceTree = "<group>"; };
		3C851CA91FEE2B2500CD21AF /* BPlusTree.cpp */ = {isa = PBXFileReference; lastKnownFileType = sourcecode.cpp.cpp; path = BPlusTree.cpp; sourceTree = "<group>"; };
/* End PBXFileReference section */

/* Begin PBXFrameworksBuildPhase section */
		3C750CEF1FEB720800CECD67 /* Frameworks */ = {
			isa = PBXFrameworksBuildPhase;
			buildActionMask = 2147483647;
			files = (
			);
			runOnlyForDeploymentPostprocessing = 0;
		};
/* End PBXFrameworksBuildPhase section */

/* Begin PBXGroup section */
		3C750CE91FEB720800CECD67 = {
			isa = PBXGroup;
			children = (
				3C750CF41FEB720800CECD67 /* sunSQL */,
				3C750CF31FEB720800CECD67 /* Products */,
			);
			sourceTree = "<group>";
		};
		3C750CF31FEB720800CECD67 /* Products */ = {
			isa = PBXGroup;
			children = (
				3C750CF21FEB720800CECD67 /* sunSQL */,
			);
			name = Products;
			sourceTree = "<group>";
		};
		3C750CF41FEB720800CECD67 /* sunSQL */ = {
			isa = PBXGroup;
			children = (
				3C750CF51FEB720900CECD67 /* main.cpp */,
				3C750D011FEBB52600CECD67 /* Global */,
				3C750CFC1FEB720C00CECD67 /* MemoryManager */,
				3C851CA71FEE2A5300CD21AF /* BPlusTree */,
			);
			path = sunSQL;
			sourceTree = "<group>";
		};
		3C750CFC1FEB720C00CECD67 /* MemoryManager */ = {
			isa = PBXGroup;
			children = (
				3C750CFE1FEB723E00CECD67 /* Block.h */,
				3C750CFF1FEB723E00CECD67 /* Block.cpp */,
				3C6EF2D51FECC0F000793351 /* MemoryManager.h */,
				3C6EF2D61FECC0F000793351 /* MemoryManager.cpp */,
			);
			path = MemoryManager;
			sourceTree = "<group>";
		};
		3C750D011FEBB52600CECD67 /* Global */ = {
			isa = PBXGroup;
			children = (
				3C750CFD1FEB722400CECD67 /* sunGlobal.h */,
				3C750D041FEBB55900CECD67 /* sunGlobal.cpp */,
			);
			path = Global;
			sourceTree = "<group>";
		};
		3C851CA71FEE2A5300CD21AF /* BPlusTree */ = {
			isa = PBXGroup;
			children = (
				3C851CA81FEE2B2500CD21AF /* BPlusTree.h */,
				3C851CA91FEE2B2500CD21AF /* BPlusTree.cpp */,
			);
			path = BPlusTree;
			sourceTree = "<group>";
		};
/* End PBXGroup section */

/* Begin PBXNativeTarget section */
		3C750CF11FEB720800CECD67 /* sunSQL */ = {
			isa = PBXNativeTarget;
			buildConfigurationList = 3C750CF91FEB720900CECD67 /* Build configuration list for PBXNativeTarget "sunSQL" */;
			buildPhases = (
				3C750CEE1FEB720800CECD67 /* Sources */,
				3C750CEF1FEB720800CECD67 /* Frameworks */,
				3C750CF01FEB720800CECD67 /* CopyFiles */,
			);
			buildRules = (
			);
			dependencies = (
			);
			name = sunSQL;
			productName = sunSQL;
			productReference = 3C750CF21FEB720800CECD67 /* sunSQL */;
			productType = "com.apple.product-type.tool";
		};
/* End PBXNativeTarget section */

/* Begin PBXProject section */
		3C750CEA1FEB720800CECD67 /* Project object */ = {
			isa = PBXProject;
			attributes = {
				LastUpgradeCheck = 0920;
				ORGANIZATIONNAME = "孙辉";
				TargetAttributes = {
					3C750CF11FEB720800CECD67 = {
						CreatedOnToolsVersion = 9.2;
						ProvisioningStyle = Automatic;
					};
				};
			};
			buildConfigurationList = 3C750CED1FEB720800CECD67 /* Build configuration list for PBXProject "sunSQL" */;
			compatibilityVersion = "Xcode 8.0";
			developmentRegion = en;
			hasScannedForEncodings = 0;
			knownRegions = (
				en,
			);
			mainGroup = 3C750CE91FEB720800CECD67;
			productRefGroup = 3C750CF31FEB720800CECD67 /* Products */;
			projectDirPath = "";
			projectRoot = "";
			targets = (
				3C750CF11FEB720800CECD67 /* sunSQL */,
			);
		};
/* End PBXProject section */

/* Begin PBXSourcesBuildPhase section */
		3C750CEE1FEB720800CECD67 /* Sources */ = {
			isa = PBXSourcesBuildPhase;
			buildActionMask = 2147483647;
			files = (
				3C750D051FEBB55900CECD67 /* sunGlobal.cpp in Sources */,
				3C750D001FEB723E00CECD67 /* Block.cpp in Sources */,
				3C6EF2D71FECC0F000793351 /* MemoryManager.cpp in Sources */,
				3C750CF61FEB720900CECD67 /* main.cpp in Sources */,
				3C851CAA1FEE2B2500CD21AF /* BPlusTree.cpp in Sources */,
			);
			runOnlyForDeploymentPostprocessing = 0;
		};
/* End PBXSourcesBuildPhase section */

/* Begin XCBuildConfiguration section */
		3C750CF71FEB720900CECD67 /* Debug */ = {
			isa = XCBuildConfiguration;
			buildSettings = {
				ALWAYS_SEARCH_USER_PATHS = NO;
				CLANG_ANALYZER_NONNULL = YES;
				CLANG_ANALYZER_NUMBER_OBJECT_CONVERSION = YES_AGGRESSIVE;
				CLANG_CXX_LANGUAGE_STANDARD = "gnu++14";
				CLANG_CXX_LIBRARY = "libc++";
				CLANG_ENABLE_MODULES = YES;
				CLANG_ENABLE_OBJC_ARC = YES;
				CLANG_WARN_BLOCK_CAPTURE_AUTORELEASING = YES;
				CLANG_WARN_BOOL_CONVERSION = YES;
				CLANG_WARN_COMMA = YES;
				CLANG_WARN_CONSTANT_CONVERSION = YES;
				CLANG_WARN_DIRECT_OBJC_ISA_USAGE = YES_ERROR;
				CLANG_WARN_DOCUMENTATION_COMMENTS = YES;
				CLANG_WARN_EMPTY_BODY = YES;
				CLANG_WARN_ENUM_CONVERSION = YES;
				CLANG_WARN_INFINITE_RECURSION = YES;
				CLANG_WARN_INT_CONVERSION = YES;
				CLANG_WARN_NON_LITERAL_NULL_CONVERSION = YES;
				CLANG_WARN_OBJC_LITERAL_CONVERSION = YES;
				CLANG_WARN_OBJC_ROOT_CLASS = YES_ERROR;
				CLANG_WARN_RANGE_LOOP_ANALYSIS = YES;
				CLANG_WARN_STRICT_PROTOTYPES = YES;
				CLANG_WARN_SUSPICIOUS_MOVE = YES;
				CLANG_WARN_UNGUARDED_AVAILABILITY = YES_AGGRESSIVE;
				CLANG_WARN_UNREACHABLE_CODE = YES;
				CLANG_WARN__DUPLICATE_METHOD_MATCH = YES;
				CODE_SIGN_IDENTITY = "-";
				COPY_PHASE_STRIP = NO;
				DEBUG_INFORMATION_FORMAT = dwarf;
				ENABLE_STRICT_OBJC_MSGSEND = YES;
				ENABLE_TESTABILITY = YES;
				GCC_C_LANGUAGE_STANDARD = gnu11;
				GCC_DYNAMIC_NO_PIC = NO;
				GCC_NO_COMMON_BLOCKS = YES;
				GCC_OPTIMIZATION_LEVEL = 0;
				GCC_PREPROCESSOR_DEFINITIONS = (
					"DEBUG=1",
					"$(inherited)",
				);
				GCC_WARN_64_TO_32_BIT_CONVERSION = YES;
				GCC_WARN_ABOUT_RETURN_TYPE = YES_ERROR;
				GCC_WARN_UNDECLARED_SELECTOR = YES;
				GCC_WARN_UNINITIALIZED_AUTOS = YES_AGGRESSIVE;
				GCC_WARN_UNUSED_FUNCTION = YES;
				GCC_WARN_UNUSED_VARIABLE = YES;
				MACOSX_DEPLOYMENT_TARGET = 10.13;
				MTL_ENABLE_DEBUG_INFO = YES;
				ONLY_ACTIVE_ARCH = YES;
				SDKROOT = macosx;
			};
			name = Debug;
		};
		3C750CF81FEB720900CECD67 /* Release */ = {
			isa = XCBuildConfiguration;
			buildSettings = {
				ALWAYS_SEARCH_USER_PATHS = NO;
				CLANG_ANALYZER_NONNULL = YES;
				CLANG_ANALYZER_NUMBER_OBJECT_CONVERSION = YES_AGGRESSIVE;
				CLANG_CXX_LANGUAGE_STANDARD = "gnu++14";
				CLANG_CXX_LIBRARY = "libc++";
				CLANG_ENABLE_MODULES = YES;
				CLANG_ENABLE_OBJC_ARC = YES;
				CLANG_WARN_BLOCK_CAPTURE_AUTORELEASING = YES;
				CLANG_WARN_BOOL_CONVERSION = YES;
				CLANG_WARN_COMMA = YES;
				CLANG_WARN_CONSTANT_CONVERSION = YES;
				CLANG_WARN_DIRECT_OBJC_ISA_USAGE = YES_ERROR;
				CLANG_WARN_DOCUMENTATION_COMMENTS = YES;
				CLANG_WARN_EMPTY_BODY = YES;
				CLANG_WARN_ENUM_CONVERSION = YES;
				CLANG_WARN_INFINITE_RECURSION = YES;
				CLANG_WARN_INT_CONVERSION = YES;
				CLANG_WARN_NON_LITERAL_NULL_CONVERSION = YES;
				CLANG_WARN_OBJC_LITERAL_CONVERSION = YES;
				CLANG_WARN_OBJC_ROOT_CLASS = YES_ERROR;
				CLANG_WARN_RANGE_LOOP_ANALYSIS = YES;
				CLANG_WARN_STRICT_PROTOTYPES = YES;
				CLANG_WARN_SUSPICIOUS_MOVE = YES;
				CLANG_WARN_UNGUARDED_AVAILABILITY = YES_AGGRESSIVE;
				CLANG_WARN_UNREACHABLE_CODE = YES;
				CLANG_WARN__DUPLICATE_METHOD_MATCH = YES;
				CODE_SIGN_IDENTITY = "-";
				COPY_PHASE_STRIP = NO;
				DEBUG_INFORMATION_FORMAT = "dwarf-with-dsym";
				ENABLE_NS_ASSERTIONS = NO;
				ENABLE_STRICT_OBJC_MSGSEND = YES;
				GCC_C_LANGUAGE_STANDARD = gnu11;
				GCC_NO_COMMON_BLOCKS = YES;
				GCC_WARN_64_TO_32_BIT_CONVERSION = YES;
				GCC_WARN_ABOUT_RETURN_TYPE = YES_ERROR;
				GCC_WARN_UNDECLARED_SELECTOR = YES;
				GCC_WARN_UNINITIALIZED_AUTOS = YES_AGGRESSIVE;
				GCC_WARN_UNUSED_FUNCTION = YES;
				GCC_WARN_UNUSED_VARIABLE = YES;
				MACOSX_DEPLOYMENT_TARGET = 10.13;
				MTL_ENABLE_DEBUG_INFO = NO;
				SDKROOT = macosx;
			};
			name = Release;
		};
		3C750CFA1FEB720900CECD67 /* Debug */ = {
			isa = XCBuildConfiguration;
			buildSettings = {
				CODE_SIGN_STYLE = Automatic;
				ONLY_ACTIVE_ARCH = YES;
				PRODUCT_NAME = "$(TARGET_NAME)";
			};
			name = Debug;
		};
		3C750CFB1FEB720900CECD67 /* Release */ = {
			isa = XCBuildConfiguration;
			buildSettings = {
				CODE_SIGN_STYLE = Automatic;
				ONLY_ACTIVE_ARCH = NO;
				PRODUCT_NAME = "$(TARGET_NAME)";
			};
			name = Release;
		};
/* End XCBuildConfiguration section */

/* Begin XCConfigurationList section */
		3C750CED1FEB720800CECD67 /* Build configuration list for PBXProject "sunSQL" */ = {
			isa = XCConfigurationList;
			buildConfigurations = (
				3C750CF71FEB720900CECD67 /* Debug */,
				3C750CF81FEB720900CECD67 /* Release */,
			);
			defaultConfigurationIsVisible = 0;
			defaultConfigurationName = Release;
		};
		3C750CF91FEB720900CECD67 /* Build configuration list for PBXNativeTarget "sunSQL" */ = {
			isa = XCConfigurationList;
			buildConfigurations = (
				3C750CFA1FEB720900CECD67 /* Debug */,
				3C750CFB1FEB720900CECD67 /* Release */,
			);
			defaultConfigurationIsVisible = 0;
			defaultConfigurationName = Release;
		};
/* End XCConfigurationList section */
	};
	rootObject = 3C750CEA1FEB720800CECD67 /* Project object */;
}
